
Microsoft Visual Studio Solution File, Format Version 12.00
Project("{FAE04EC0-301F-11D3-BF4B-00C04F79EFBC}") = "PilotLauncher", "PilotLauncher\PilotLauncher.csproj", "{2E245B33-B7AA-4AE0-99E4-F3D32AA556FA}"
EndProject
Project("{FAE04EC0-301F-11D3-BF4B-00C04F79EFBC}") = "PilotLauncher.WPF", "PilotLauncher.WPF\PilotLauncher.WPF.csproj", "{16365188-FCF8-4B11-A72E-B937371157D9}"
EndProject
Project("{FAE04EC0-301F-11D3-BF4B-00C04F79EFBC}") = "PilotLauncher.Test", "PilotLauncher.Test\PilotLauncher.Test.csproj", "{CC6863E6-A98F-4EB5-85F1-34596DCFC986}"
EndProject
Project("{FAE04EC0-301F-11D3-BF4B-00C04F79EFBC}") = "PilotLauncher.Common", "PilotLauncher.Common\PilotLauncher.Common.csproj", "{01735DCC-88E8-4EBD-9D1E-76604F71CA96}"
EndProject
Project("{FAE04EC0-301F-11D3-BF4B-00C04F79EFBC}") = "PilotLauncher.PropertyGrid.WPF", "PilotLauncher.PropertyGrid.WPF\PilotLauncher.PropertyGrid.WPF.csproj", "{640C6440-9592-47BF-AC62-F1A2871F513F}"
EndProject
Project("{FAE04EC0-301F-11D3-BF4B-00C04F79EFBC}") = "PilotLauncher.PropertyGrid", "PilotLauncher.PropertyGrid\PilotLauncher.PropertyGrid.csproj", "{A58153F8-175C-4568-A3C4-07843F60B600}"
EndProject
Project("{FAE04EC0-301F-11D3-BF4B-00C04F79EFBC}") = "PilotLauncher.Workflow", "PilotLauncher.Workflow\PilotLauncher.Workflow.csproj", "{0803AA10-CACD-4EE6-AE84-A5EF112CDCBE}"
EndProject
Project("{FAE04EC0-301F-11D3-BF4B-00C04F79EFBC}") = "PilotLauncher.Examples", "PilotLauncher.Examples\PilotLauncher.Examples.csproj", "{E0C53164-5801-48B1-9BCD-85311B360318}"
EndProject
Project("{FAE04EC0-301F-11D3-BF4B-00C04F79EFBC}") = "PilotLauncher.Workflow.WPF", "PilotLauncher.Workflow.WPF\PilotLauncher.Workflow.WPF.csproj", "{BF31E25C-86D9-443B-80E1-BCA17A43C187}"
EndProject
Project("{FAE04EC0-301F-11D3-BF4B-00C04F79EFBC}") = "PilotLauncher.WorkflowLogging", "PilotLauncher.WorkflowLogging\PilotLauncher.WorkflowLogging.csproj", "{18251658-7D10-4ECF-909A-3960E1BE28FA}"
EndProject
Project("{FAE04EC0-301F-11D3-BF4B-00C04F79EFBC}") = "PilotLauncher.WPF.Common", "PilotLauncher.WPF.Common\PilotLauncher.WPF.Common.csproj", "{2AE3A118-D962-47B4-8199-BE045B8089B1}"
EndProject
Project("{FAE04EC0-301F-11D3-BF4B-00C04F79EFBC}") = "PilotLauncher.PropertyGrid.MahApps", "PilotLauncher.PropertyGrid.MahApps\PilotLauncher.PropertyGrid.MahApps.csproj", "{AA80567D-9B5B-4B6D-B4C9-F3C3B2FAB4C4}"
EndProject
Global
	GlobalSection(SolutionConfigurationPlatforms) = preSolution
		Debug|Any CPU = Debug|Any CPU
		Release|Any CPU = Release|Any CPU
	EndGlobalSection
	GlobalSection(ProjectConfigurationPlatforms) = postSolution
		{2E245B33-B7AA-4AE0-99E4-F3D32AA556FA}.Debug|Any CPU.ActiveCfg = Debug|Any CPU
		{2E245B33-B7AA-4AE0-99E4-F3D32AA556FA}.Debug|Any CPU.Build.0 = Debug|Any CPU
		{2E245B33-B7AA-4AE0-99E4-F3D32AA556FA}.Release|Any CPU.ActiveCfg = Release|Any CPU
		{2E245B33-B7AA-4AE0-99E4-F3D32AA556FA}.Release|Any CPU.Build.0 = Release|Any CPU
		{16365188-FCF8-4B11-A72E-B937371157D9}.Debug|Any CPU.ActiveCfg = Debug|Any CPU
		{16365188-FCF8-4B11-A72E-B937371157D9}.Debug|Any CPU.Build.0 = Debug|Any CPU
		{16365188-FCF8-4B11-A72E-B937371157D9}.Release|Any CPU.ActiveCfg = Release|Any CPU
		{16365188-FCF8-4B11-A72E-B937371157D9}.Release|Any CPU.Build.0 = Release|Any CPU
		{CC6863E6-A98F-4EB5-85F1-34596DCFC986}.Debug|Any CPU.ActiveCfg = Debug|Any CPU
		{CC6863E6-A98F-4EB5-85F1-34596DCFC986}.Debug|Any CPU.Build.0 = Debug|Any CPU
		{CC6863E6-A98F-4EB5-85F1-34596DCFC986}.Release|Any CPU.ActiveCfg = Release|Any CPU
		{CC6863E6-A98F-4EB5-85F1-34596DCFC986}.Release|Any CPU.Build.0 = Release|Any CPU
		{01735DCC-88E8-4EBD-9D1E-76604F71CA96}.Debug|Any CPU.ActiveCfg = Debug|Any CPU
		{01735DCC-88E8-4EBD-9D1E-76604F71CA96}.Debug|Any CPU.Build.0 = Debug|Any CPU
		{01735DCC-88E8-4EBD-9D1E-76604F71CA96}.Release|Any CPU.ActiveCfg = Release|Any CPU
		{01735DCC-88E8-4EBD-9D1E-76604F71CA96}.Release|Any CPU.Build.0 = Release|Any CPU
		{640C6440-9592-47BF-AC62-F1A2871F513F}.Debug|Any CPU.ActiveCfg = Debug|Any CPU
		{640C6440-9592-47BF-AC62-F1A2871F513F}.Debug|Any CPU.Build.0 = Debug|Any CPU
		{640C6440-9592-47BF-AC62-F1A2871F513F}.Release|Any CPU.ActiveCfg = Release|Any CPU
		{640C6440-9592-47BF-AC62-F1A2871F513F}.Release|Any CPU.Build.0 = Release|Any CPU
		{A58153F8-175C-4568-A3C4-07843F60B600}.Debug|Any CPU.ActiveCfg = Debug|Any CPU
		{A58153F8-175C-4568-A3C4-07843F60B600}.Debug|Any CPU.Build.0 = Debug|Any CPU
		{A58153F8-175C-4568-A3C4-07843F60B600}.Release|Any CPU.ActiveCfg = Release|Any CPU
		{A58153F8-175C-4568-A3C4-07843F60B600}.Release|Any CPU.Build.0 = Release|Any CPU
		{0803AA10-CACD-4EE6-AE84-A5EF112CDCBE}.Debug|Any CPU.ActiveCfg = Debug|Any CPU
		{0803AA10-CACD-4EE6-AE84-A5EF112CDCBE}.Debug|Any CPU.Build.0 = Debug|Any CPU
		{0803AA10-CACD-4EE6-AE84-A5EF112CDCBE}.Release|Any CPU.ActiveCfg = Release|Any CPU
		{0803AA10-CACD-4EE6-AE84-A5EF112CDCBE}.Release|Any CPU.Build.0 = Release|Any CPU
		{E0C53164-5801-48B1-9BCD-85311B360318}.Debug|Any CPU.ActiveCfg = Debug|Any CPU
		{E0C53164-5801-48B1-9BCD-85311B360318}.Debug|Any CPU.Build.0 = Debug|Any CPU
		{E0C53164-5801-48B1-9BCD-85311B360318}.Release|Any CPU.ActiveCfg = Release|Any CPU
		{E0C53164-5801-48B1-9BCD-85311B360318}.Release|Any CPU.Build.0 = Release|Any CPU
		{BF31E25C-86D9-443B-80E1-BCA17A43C187}.Debug|Any CPU.ActiveCfg = Debug|Any CPU
		{BF31E25C-86D9-443B-80E1-BCA17A43C187}.Debug|Any CPU.Build.0 = Debug|Any CPU
		{BF31E25C-86D9-443B-80E1-BCA17A43C187}.Release|Any CPU.ActiveCfg = Release|Any CPU
		{BF31E25C-86D9-443B-80E1-BCA17A43C187}.Release|Any CPU.Build.0 = Release|Any CPU
		{18251658-7D10-4ECF-909A-3960E1BE28FA}.Debug|Any CPU.ActiveCfg = Debug|Any CPU
		{18251658-7D10-4ECF-909A-3960E1BE28FA}.Debug|Any CPU.Build.0 = Debug|Any CPU
		{18251658-7D10-4ECF-909A-3960E1BE28FA}.Release|Any CPU.ActiveCfg = Release|Any CPU
		{18251658-7D10-4ECF-909A-3960E1BE28FA}.Release|Any CPU.Build.0 = Release|Any CPU
		{2AE3A118-D962-47B4-8199-BE045B8089B1}.Debug|Any CPU.ActiveCfg = Debug|Any CPU
		{2AE3A118-D962-47B4-8199-BE045B8089B1}.Debug|Any CPU.Build.0 = Debug|Any CPU
		{2AE3A118-D962-47B4-8199-BE045B8089B1}.Release|Any CPU.ActiveCfg = Release|Any CPU
		{2AE3A118-D962-47B4-8199-BE045B8089B1}.Release|Any CPU.Build.0 = Release|Any CPU
		{AA80567D-9B5B-4B6D-B4C9-F3C3B2FAB4C4}.Debug|Any CPU.ActiveCfg = Debug|Any CPU
		{AA80567D-9B5B-4B6D-B4C9-F3C3B2FAB4C4}.Debug|Any CPU.Build.0 = Debug|Any CPU
		{AA80567D-9B5B-4B6D-B4C9-F3C3B2FAB4C4}.Release|Any CPU.ActiveCfg = Release|Any CPU
		{AA80567D-9B5B-4B6D-B4C9-F3C3B2FAB4C4}.Release|Any CPU.Build.0 = Release|Any CPU
	EndGlobalSection
	GlobalSection(NestedProjects) = preSolution
	EndGlobalSection
EndGlobal
